// !$*UTF8*$!
{
	archiveVersion = 1;
	classes = {
	};
	objectVersion = 48;
	objects = {

/* Begin PBXBuildFile section */
		E21D9D5B1F87BF2200F86B10 /* AppDelegate.m in Sources */ = {isa = PBXBuildFile; fileRef = E21D9D5A1F87BF2200F86B10 /* AppDelegate.m */; };
		E21D9D5E1F87BF2200F86B10 /* ViewController.m in Sources */ = {isa = PBXBuildFile; fileRef = E21D9D5D1F87BF2200F86B10 /* ViewController.m */; };
		E21D9D611F87BF2200F86B10 /* Main.storyboard in Resources */ = {isa = PBXBuildFile; fileRef = E21D9D5F1F87BF2200F86B10 /* Main.storyboard */; };
		E21D9D631F87BF2200F86B10 /* Assets.xcassets in Resources */ = {isa = PBXBuildFile; fileRef = E21D9D621F87BF2200F86B10 /* Assets.xcassets */; };
		E21D9D661F87BF2200F86B10 /* LaunchScreen.storyboard in Resources */ = {isa = PBXBuildFile; fileRef = E21D9D641F87BF2200F86B10 /* LaunchScreen.storyboard */; };
		E21D9D691F87BF2200F86B10 /* main.m in Sources */ = {isa = PBXBuildFile; fileRef = E21D9D681F87BF2200F86B10 /* main.m */; };
		E21D9D731F87BF2300F86B10 /* DEMOTests.m in Sources */ = {isa = PBXBuildFile; fileRef = E21D9D721F87BF2300F86B10 /* DEMOTests.m */; };
		E21D9D7E1F87BF2300F86B10 /* DEMOUITests.m in Sources */ = {isa = PBXBuildFile; fileRef = E21D9D7D1F87BF2300F86B10 /* DEMOUITests.m */; };
		E21D9DA11F87C8A000F86B10 /* TBYAction.m in Sources */ = {isa = PBXBuildFile; fileRef = E21D9D981F87C88E00F86B10 /* TBYAction.m */; };
		E21D9DA21F87C8A000F86B10 /* TBYActionCell.m in Sources */ = {isa = PBXBuildFile; fileRef = E21D9D9A1F87C88E00F86B10 /* TBYActionCell.m */; };
		E21D9DA31F87C8A000F86B10 /* TBYActionHeaderModel.m in Sources */ = {isa = PBXBuildFile; fileRef = E21D9D9C1F87C88E00F86B10 /* TBYActionHeaderModel.m */; };
		E21D9DA41F87C8A000F86B10 /* TBYActionHeaderView.m in Sources */ = {isa = PBXBuildFile; fileRef = E21D9D9E1F87C88E00F86B10 /* TBYActionHeaderView.m */; };
		E21D9DA51F87C8A000F86B10 /* TBYActionSheet.m in Sources */ = {isa = PBXBuildFile; fileRef = E21D9DA01F87C88E00F86B10 /* TBYActionSheet.m */; };
		E21D9DC11F87CD7E00F86B10 /* MASCompositeConstraint.m in Sources */ = {isa = PBXBuildFile; fileRef = E21D9DA91F87CA9800F86B10 /* MASCompositeConstraint.m */; };
		E21D9DC21F87CD7E00F86B10 /* MASConstraint.m in Sources */ = {isa = PBXBuildFile; fileRef = E21D9DAC1F87CA9800F86B10 /* MASConstraint.m */; };
		E21D9DC31F87CD7E00F86B10 /* MASConstraintMaker.m in Sources */ = {isa = PBXBuildFile; fileRef = E21D9DAE1F87CA9800F86B10 /* MASConstraintMaker.m */; };
		E21D9DC41F87CD7E00F86B10 /* MASLayoutConstraint.m in Sources */ = {isa = PBXBuildFile; fileRef = E21D9DB01F87CA9800F86B10 /* MASLayoutConstraint.m */; };
		E21D9DC51F87CD7E00F86B10 /* MASViewAttribute.m in Sources */ = {isa = PBXBuildFile; fileRef = E21D9DB41F87CA9800F86B10 /* MASViewAttribute.m */; };
		E21D9DC61F87CD7E00F86B10 /* MASViewConstraint.m in Sources */ = {isa = PBXBuildFile; fileRef = E21D9DB61F87CA9800F86B10 /* MASViewConstraint.m */; };
		E21D9DC71F87CD7E00F86B10 /* NSArray+MASAdditions.m in Sources */ = {isa = PBXBuildFile; fileRef = E21D9DB81F87CA9800F86B10 /* NSArray+MASAdditions.m */; };
		E21D9DC81F87CD7E00F86B10 /* NSLayoutConstraint+MASDebugAdditions.m in Sources */ = {isa = PBXBuildFile; fileRef = E21D9DBB1F87CA9800F86B10 /* NSLayoutConstraint+MASDebugAdditions.m */; };
		E21D9DC91F87CD7E00F86B10 /* View+MASAdditions.m in Sources */ = {isa = PBXBuildFile; fileRef = E21D9DBD1F87CA9800F86B10 /* View+MASAdditions.m */; };
		E21D9DCA1F87CD7E00F86B10 /* ViewController+MASAdditions.m in Sources */ = {isa = PBXBuildFile; fileRef = E21D9DC01F87CA9800F86B10 /* ViewController+MASAdditions.m */; };
/* End PBXBuildFile section */

/* Begin PBXContainerItemProxy section */
		E21D9D6F1F87BF2300F86B10 /* PBXContainerItemProxy */ = {
			isa = PBXContainerItemProxy;
			containerPortal = E21D9D4E1F87BF2200F86B10 /* Project object */;
			proxyType = 1;
			remoteGlobalIDString = E21D9D551F87BF2200F86B10;
			remoteInfo = DEMO;
		};
		E21D9D7A1F87BF2300F86B10 /* PBXContainerItemProxy */ = {
			isa = PBXContainerItemProxy;
			containerPortal = E21D9D4E1F87BF2200F86B10 /* Project object */;
			proxyType = 1;
			remoteGlobalIDString = E21D9D551F87BF2200F86B10;
			remoteInfo = DEMO;
		};
/* End PBXContainerItemProxy section */

/* Begin PBXFileReference section */
		E21D9D561F87BF2200F86B10 /* DEMO.app */ = {isa = PBXFileReference; explicitFileType = wrapper.application; includeInIndex = 0; path = DEMO.app; sourceTree = BUILT_PRODUCTS_DIR; };
		E21D9D591F87BF2200F86B10 /* AppDelegate.h */ = {isa = PBXFileReference; lastKnownFileType = sourcecode.c.h; path = AppDelegate.h; sourceTree = "<group>"; };
		E21D9D5A1F87BF2200F86B10 /* AppDelegate.m */ = {isa = PBXFileReference; lastKnownFileType = sourcecode.c.objc; path = AppDelegate.m; sourceTree = "<group>"; };
		E21D9D5C1F87BF2200F86B10 /* ViewController.h */ = {isa = PBXFileReference; lastKnownFileType = sourcecode.c.h; path = ViewController.h; sourceTree = "<group>"; };
		E21D9D5D1F87BF2200F86B10 /* ViewController.m */ = {isa = PBXFileReference; lastKnownFileType = sourcecode.c.objc; path = ViewController.m; sourceTree = "<group>"; };
		E21D9D601F87BF2200F86B10 /* Base */ = {isa = PBXFileReference; lastKnownFileType = file.storyboard; name = Base; path = Base.lproj/Main.storyboard; sourceTree = "<group>"; };
		E21D9D621F87BF2200F86B10 /* Assets.xcassets */ = {isa = PBXFileReference; lastKnownFileType = folder.assetcatalog; path = Assets.xcassets; sourceTree = "<group>"; };
		E21D9D651F87BF2200F86B10 /* Base */ = {isa = PBXFileReference; lastKnownFileType = file.storyboard; name = Base; path = Base.lproj/LaunchScreen.storyboard; sourceTree = "<group>"; };
		E21D9D671F87BF2200F86B10 /* Info.plist */ = {isa = PBXFileReference; lastKnownFileType = text.plist.xml; path = Info.plist; sourceTree = "<group>"; };
		E21D9D681F87BF2200F86B10 /* main.m */ = {isa = PBXFileReference; lastKnownFileType = sourcecode.c.objc; path = main.m; sourceTree = "<group>"; };
		E21D9D6E1F87BF2300F86B10 /* DEMOTests.xctest */ = {isa = PBXFileReference; explicitFileType = wrapper.cfbundle; includeInIndex = 0; path = DEMOTests.xctest; sourceTree = BUILT_PRODUCTS_DIR; };
		E21D9D721F87BF2300F86B10 /* DEMOTests.m */ = {isa = PBXFileReference; lastKnownFileType = sourcecode.c.objc; path = DEMOTests.m; sourceTree = "<group>"; };
		E21D9D741F87BF2300F86B10 /* Info.plist */ = {isa = PBXFileReference; lastKnownFileType = text.plist.xml; path = Info.plist; sourceTree = "<group>"; };
		E21D9D791F87BF2300F86B10 /* DEMOUITests.xctest */ = {isa = PBXFileReference; explicitFileType = wrapper.cfbundle; includeInIndex = 0; path = DEMOUITests.xctest; sourceTree = BUILT_PRODUCTS_DIR; };
		E21D9D7D1F87BF2300F86B10 /* DEMOUITests.m */ = {isa = PBXFileReference; lastKnownFileType = sourcecode.c.objc; path = DEMOUITests.m; sourceTree = "<group>"; };
		E21D9D7F1F87BF2300F86B10 /* Info.plist */ = {isa = PBXFileReference; lastKnownFileType = text.plist.xml; path = Info.plist; sourceTree = "<group>"; };
		E21D9D971F87C88E00F86B10 /* TBYAction.h */ = {isa = PBXFileReference; lastKnownFileType = sourcecode.c.h; path = TBYAction.h; sourceTree = "<group>"; };
		E21D9D981F87C88E00F86B10 /* TBYAction.m */ = {isa = PBXFileReference; lastKnownFileType = sourcecode.c.objc; path = TBYAction.m; sourceTree = "<group>"; };
		E21D9D991F87C88E00F86B10 /* TBYActionCell.h */ = {isa = PBXFileReference; lastKnownFileType = sourcecode.c.h; path = TBYActionCell.h; sourceTree = "<group>"; };
		E21D9D9A1F87C88E00F86B10 /* TBYActionCell.m */ = {isa = PBXFileReference; lastKnownFileType = sourcecode.c.objc; path = TBYActionCell.m; sourceTree = "<group>"; };
		E21D9D9B1F87C88E00F86B10 /* TBYActionHeaderModel.h */ = {isa = PBXFileReference; lastKnownFileType = sourcecode.c.h; path = TBYActionHeaderModel.h; sourceTree = "<group>"; };
		E21D9D9C1F87C88E00F86B10 /* TBYActionHeaderModel.m */ = {isa = PBXFileReference; lastKnownFileType = sourcecode.c.objc; path = TBYActionHeaderModel.m; sourceTree = "<group>"; };
		E21D9D9D1F87C88E00F86B10 /* TBYActionHeaderView.h */ = {isa = PBXFileReference; lastKnownFileType = sourcecode.c.h; path = TBYActionHeaderView.h; sourceTree = "<group>"; };
		E21D9D9E1F87C88E00F86B10 /* TBYActionHeaderView.m */ = {isa = PBXFileReference; lastKnownFileType = sourcecode.c.objc; path = TBYActionHeaderView.m; sourceTree = "<group>"; };
		E21D9D9F1F87C88E00F86B10 /* TBYActionSheet.h */ = {isa = PBXFileReference; lastKnownFileType = sourcecode.c.h; path = TBYActionSheet.h; sourceTree = "<group>"; };
		E21D9DA01F87C88E00F86B10 /* TBYActionSheet.m */ = {isa = PBXFileReference; lastKnownFileType = sourcecode.c.objc; path = TBYActionSheet.m; sourceTree = "<group>"; };
		E21D9DA71F87CA9800F86B10 /* Info.plist */ = {isa = PBXFileReference; lastKnownFileType = text.plist.xml; path = Info.plist; sourceTree = "<group>"; };
		E21D9DA81F87CA9800F86B10 /* MASCompositeConstraint.h */ = {isa = PBXFileReference; lastKnownFileType = sourcecode.c.h; path = MASCompositeConstraint.h; sourceTree = "<group>"; };
		E21D9DA91F87CA9800F86B10 /* MASCompositeConstraint.m */ = {isa = PBXFileReference; lastKnownFileType = sourcecode.c.objc; path = MASCompositeConstraint.m; sourceTree = "<group>"; };
		E21D9DAA1F87CA9800F86B10 /* MASConstraint+Private.h */ = {isa = PBXFileReference; lastKnownFileType = sourcecode.c.h; path = "MASConstraint+Private.h"; sourceTree = "<group>"; };
		E21D9DAB1F87CA9800F86B10 /* MASConstraint.h */ = {isa = PBXFileReference; lastKnownFileType = sourcecode.c.h; path = MASConstraint.h; sourceTree = "<group>"; };
		E21D9DAC1F87CA9800F86B10 /* MASConstraint.m */ = {isa = PBXFileReference; lastKnownFileType = sourcecode.c.objc; path = MASConstraint.m; sourceTree = "<group>"; };
		E21D9DAD1F87CA9800F86B10 /* MASConstraintMaker.h */ = {isa = PBXFileReference; lastKnownFileType = sourcecode.c.h; path = MASConstraintMaker.h; sourceTree = "<group>"; };
		E21D9DAE1F87CA9800F86B10 /* MASConstraintMaker.m */ = {isa = PBXFileReference; lastKnownFileType = sourcecode.c.objc; path = MASConstraintMaker.m; sourceTree = "<group>"; };
		E21D9DAF1F87CA9800F86B10 /* MASLayoutConstraint.h */ = {isa = PBXFileReference; lastKnownFileType = sourcecode.c.h; path = MASLayoutConstraint.h; sourceTree = "<group>"; };
		E21D9DB01F87CA9800F86B10 /* MASLayoutConstraint.m */ = {isa = PBXFileReference; lastKnownFileType = sourcecode.c.objc; path = MASLayoutConstraint.m; sourceTree = "<group>"; };
		E21D9DB11F87CA9800F86B10 /* Masonry.h */ = {isa = PBXFileReference; lastKnownFileType = sourcecode.c.h; path = Masonry.h; sourceTree = "<group>"; };
		E21D9DB21F87CA9800F86B10 /* MASUtilities.h */ = {isa = PBXFileReference; lastKnownFileType = sourcecode.c.h; path = MASUtilities.h; sourceTree = "<group>"; };
		E21D9DB31F87CA9800F86B10 /* MASViewAttribute.h */ = {isa = PBXFileReference; lastKnownFileType = sourcecode.c.h; path = MASViewAttribute.h; sourceTree = "<group>"; };
		E21D9DB41F87CA9800F86B10 /* MASViewAttribute.m */ = {isa = PBXFileReference; lastKnownFileType = sourcecode.c.objc; path = MASViewAttribute.m; sourceTree = "<group>"; };
		E21D9DB51F87CA9800F86B10 /* MASViewConstraint.h */ = {isa = PBXFileReference; lastKnownFileType = sourcecode.c.h; path = MASViewConstraint.h; sourceTree = "<group>"; };
		E21D9DB61F87CA9800F86B10 /* MASViewConstraint.m */ = {isa = PBXFileReference; lastKnownFileType = sourcecode.c.objc; path = MASViewConstraint.m; sourceTree = "<group>"; };
		E21D9DB71F87CA9800F86B10 /* NSArray+MASAdditions.h */ = {isa = PBXFileReference; lastKnownFileType = sourcecode.c.h; path = "NSArray+MASAdditions.h"; sourceTree = "<group>"; };
		E21D9DB81F87CA9800F86B10 /* NSArray+MASAdditions.m */ = {isa = PBXFileReference; lastKnownFileType = sourcecode.c.objc; path = "NSArray+MASAdditions.m"; sourceTree = "<group>"; };
		E21D9DB91F87CA9800F86B10 /* NSArray+MASShorthandAdditions.h */ = {isa = PBXFileReference; lastKnownFileType = sourcecode.c.h; path = "NSArray+MASShorthandAdditions.h"; sourceTree = "<group>"; };
		E21D9DBA1F87CA9800F86B10 /* NSLayoutConstraint+MASDebugAdditions.h */ = {isa = PBXFileReference; lastKnownFileType = sourcecode.c.h; path = "NSLayoutConstraint+MASDebugAdditions.h"; sourceTree = "<group>"; };
		E21D9DBB1F87CA9800F86B10 /* NSLayoutConstraint+MASDebugAdditions.m */ = {isa = PBXFileReference; lastKnownFileType = sourcecode.c.objc; path = "NSLayoutConstraint+MASDebugAdditions.m"; sourceTree = "<group>"; };
		E21D9DBC1F87CA9800F86B10 /* View+MASAdditions.h */ = {isa = PBXFileReference; lastKnownFileType = sourcecode.c.h; path = "View+MASAdditions.h"; sourceTree = "<group>"; };
		E21D9DBD1F87CA9800F86B10 /* View+MASAdditions.m */ = {isa = PBXFileReference; lastKnownFileType = sourcecode.c.objc; path = "View+MASAdditions.m"; sourceTree = "<group>"; };
		E21D9DBE1F87CA9800F86B10 /* View+MASShorthandAdditions.h */ = {isa = PBXFileReference; lastKnownFileType = sourcecode.c.h; path = "View+MASShorthandAdditions.h"; sourceTree = "<group>"; };
		E21D9DBF1F87CA9800F86B10 /* ViewController+MASAdditions.h */ = {isa = PBXFileReference; lastKnownFileType = sourcecode.c.h; path = "ViewController+MASAdditions.h"; sourceTree = "<group>"; };
		E21D9DC01F87CA9800F86B10 /* ViewController+MASAdditions.m */ = {isa = PBXFileReference; lastKnownFileType = sourcecode.c.objc; path = "ViewController+MASAdditions.m"; sourceTree = "<group>"; };
		E2F6A2D21F889621000F8842 /* cloud_creat_folder_icon@2x.png */ = {isa = PBXFileReference; lastKnownFileType = image.png; path = "cloud_creat_folder_icon@2x.png"; sourceTree = "<group>"; };
		E2F6A2D31F889621000F8842 /* cloud_creat_folder_icon@3x.png */ = {isa = PBXFileReference; lastKnownFileType = image.png; path = "cloud_creat_folder_icon@3x.png"; sourceTree = "<group>"; };
/* End PBXFileReference section */

/* Begin PBXFrameworksBuildPhase section */
		E21D9D531F87BF2200F86B10 /* Frameworks */ = {
			isa = PBXFrameworksBuildPhase;
			buildActionMask = 2147483647;
			files = (
			);
			runOnlyForDeploymentPostprocessing = 0;
		};
		E21D9D6B1F87BF2300F86B10 /* Frameworks */ = {
			isa = PBXFrameworksBuildPhase;
			buildActionMask = 2147483647;
			files = (
			);
			runOnlyForDeploymentPostprocessing = 0;
		};
		E21D9D761F87BF2300F86B10 /* Frameworks */ = {
			isa = PBXFrameworksBuildPhase;
			buildActionMask = 2147483647;
			files = (
			);
			runOnlyForDeploymentPostprocessing = 0;
		};
/* End PBXFrameworksBuildPhase section */

/* Begin PBXGroup section */
		E21D9D4D1F87BF2200F86B10 = {
			isa = PBXGroup;
			children = (
				E21D9D581F87BF2200F86B10 /* DEMO */,
				E21D9D711F87BF2300F86B10 /* DEMOTests */,
				E21D9D7C1F87BF2300F86B10 /* DEMOUITests */,
				E21D9D571F87BF2200F86B10 /* Products */,
			);
			sourceTree = "<group>";
		};
		E21D9D571F87BF2200F86B10 /* Products */ = {
			isa = PBXGroup;
			children = (
				E21D9D561F87BF2200F86B10 /* DEMO.app */,
				E21D9D6E1F87BF2300F86B10 /* DEMOTests.xctest */,
				E21D9D791F87BF2300F86B10 /* DEMOUITests.xctest */,
			);
			name = Products;
			sourceTree = "<group>";
		};
		E21D9D581F87BF2200F86B10 /* DEMO */ = {
			isa = PBXGroup;
			children = (
				E21D9D591F87BF2200F86B10 /* AppDelegate.h */,
				E21D9D5A1F87BF2200F86B10 /* AppDelegate.m */,
				E21D9D5C1F87BF2200F86B10 /* ViewController.h */,
				E21D9D5D1F87BF2200F86B10 /* ViewController.m */,
				E2F6A2D21F889621000F8842 /* cloud_creat_folder_icon@2x.png */,
				E2F6A2D31F889621000F8842 /* cloud_creat_folder_icon@3x.png */,
				E21D9D5F1F87BF2200F86B10 /* Main.storyboard */,
				E21D9DA61F87CA9800F86B10 /* Masonry */,
				E21D9D961F87C88E00F86B10 /* TBYActionSheet */,
				E21D9D621F87BF2200F86B10 /* Assets.xcassets */,
				E21D9D641F87BF2200F86B10 /* LaunchScreen.storyboard */,
				E21D9D671F87BF2200F86B10 /* Info.plist */,
				E21D9D681F87BF2200F86B10 /* main.m */,
			);
			path = DEMO;
			sourceTree = "<group>";
		};
		E21D9D711F87BF2300F86B10 /* DEMOTests */ = {
			isa = PBXGroup;
			children = (
				E21D9D721F87BF2300F86B10 /* DEMOTests.m */,
				E21D9D741F87BF2300F86B10 /* Info.plist */,
			);
			path = DEMOTests;
			sourceTree = "<group>";
		};
		E21D9D7C1F87BF2300F86B10 /* DEMOUITests */ = {
			isa = PBXGroup;
			children = (
				E21D9D7D1F87BF2300F86B10 /* DEMOUITests.m */,
				E21D9D7F1F87BF2300F86B10 /* Info.plist */,
			);
			path = DEMOUITests;
			sourceTree = "<group>";
		};
		E21D9D961F87C88E00F86B10 /* TBYActionSheet */ = {
			isa = PBXGroup;
			children = (
				E21D9D971F87C88E00F86B10 /* TBYAction.h */,
				E21D9D981F87C88E00F86B10 /* TBYAction.m */,
				E21D9D991F87C88E00F86B10 /* TBYActionCell.h */,
				E21D9D9A1F87C88E00F86B10 /* TBYActionCell.m */,
				E21D9D9B1F87C88E00F86B10 /* TBYActionHeaderModel.h */,
				E21D9D9C1F87C88E00F86B10 /* TBYActionHeaderModel.m */,
				E21D9D9D1F87C88E00F86B10 /* TBYActionHeaderView.h */,
				E21D9D9E1F87C88E00F86B10 /* TBYActionHeaderView.m */,
				E21D9D9F1F87C88E00F86B10 /* TBYActionSheet.h */,
				E21D9DA01F87C88E00F86B10 /* TBYActionSheet.m */,
			);
			path = TBYActionSheet;
			sourceTree = "<group>";
		};
		E21D9DA61F87CA9800F86B10 /* Masonry */ = {
			isa = PBXGroup;
			children = (
				E21D9DA71F87CA9800F86B10 /* Info.plist */,
				E21D9DA81F87CA9800F86B10 /* MASCompositeConstraint.h */,
				E21D9DA91F87CA9800F86B10 /* MASCompositeConstraint.m */,
				E21D9DAA1F87CA9800F86B10 /* MASConstraint+Private.h */,
				E21D9DAB1F87CA9800F86B10 /* MASConstraint.h */,
				E21D9DAC1F87CA9800F86B10 /* MASConstraint.m */,
				E21D9DAD1F87CA9800F86B10 /* MASConstraintMaker.h */,
				E21D9DAE1F87CA9800F86B10 /* MASConstraintMaker.m */,
				E21D9DAF1F87CA9800F86B10 /* MASLayoutConstraint.h */,
				E21D9DB01F87CA9800F86B10 /* MASLayoutConstraint.m */,
				E21D9DB11F87CA9800F86B10 /* Masonry.h */,
				E21D9DB21F87CA9800F86B10 /* MASUtilities.h */,
				E21D9DB31F87CA9800F86B10 /* MASViewAttribute.h */,
				E21D9DB41F87CA9800F86B10 /* MASViewAttribute.m */,
				E21D9DB51F87CA9800F86B10 /* MASViewConstraint.h */,
				E21D9DB61F87CA9800F86B10 /* MASViewConstraint.m */,
				E21D9DB71F87CA9800F86B10 /* NSArray+MASAdditions.h */,
				E21D9DB81F87CA9800F86B10 /* NSArray+MASAdditions.m */,
				E21D9DB91F87CA9800F86B10 /* NSArray+MASShorthandAdditions.h */,
				E21D9DBA1F87CA9800F86B10 /* NSLayoutConstraint+MASDebugAdditions.h */,
				E21D9DBB1F87CA9800F86B10 /* NSLayoutConstraint+MASDebugAdditions.m */,
				E21D9DBC1F87CA9800F86B10 /* View+MASAdditions.h */,
				E21D9DBD1F87CA9800F86B10 /* View+MASAdditions.m */,
				E21D9DBE1F87CA9800F86B10 /* View+MASShorthandAdditions.h */,
				E21D9DBF1F87CA9800F86B10 /* ViewController+MASAdditions.h */,
				E21D9DC01F87CA9800F86B10 /* ViewController+MASAdditions.m */,
			);
			path = Masonry;
			sourceTree = "<group>";
		};
/* End PBXGroup section */

/* Begin PBXNativeTarget section */
		E21D9D551F87BF2200F86B10 /* DEMO */ = {
			isa = PBXNativeTarget;
			buildConfigurationList = E21D9D821F87BF2300F86B10 /* Build configuration list for PBXNativeTarget "DEMO" */;
			buildPhases = (
				E21D9D521F87BF2200F86B10 /* Sources */,
				E21D9D531F87BF2200F86B10 /* Frameworks */,
				E21D9D541F87BF2200F86B10 /* Resources */,
			);
			buildRules = (
			);
			dependencies = (
			);
			name = DEMO;
			productName = DEMO;
			productReference = E21D9D561F87BF2200F86B10 /* DEMO.app */;
			productType = "com.apple.product-type.application";
		};
		E21D9D6D1F87BF2300F86B10 /* DEMOTests */ = {
			isa = PBXNativeTarget;
			buildConfigurationList = E21D9D851F87BF2300F86B10 /* Build configuration list for PBXNativeTarget "DEMOTests" */;
			buildPhases = (
				E21D9D6A1F87BF2300F86B10 /* Sources */,
				E21D9D6B1F87BF2300F86B10 /* Frameworks */,
				E21D9D6C1F87BF2300F86B10 /* Resources */,
			);
			buildRules = (
			);
			dependencies = (
				E21D9D701F87BF2300F86B10 /* PBXTargetDependency */,
			);
			name = DEMOTests;
			productName = DEMOTests;
			productReference = E21D9D6E1F87BF2300F86B10 /* DEMOTests.xctest */;
			productType = "com.apple.product-type.bundle.unit-test";
		};
		E21D9D781F87BF2300F86B10 /* DEMOUITests */ = {
			isa = PBXNativeTarget;
			buildConfigurationList = E21D9D881F87BF2300F86B10 /* Build configuration list for PBXNativeTarget "DEMOUITests" */;
			buildPhases = (
				E21D9D751F87BF2300F86B10 /* Sources */,
				E21D9D761F87BF2300F86B10 /* Frameworks */,
				E21D9D771F87BF2300F86B10 /* Resources */,
			);
			buildRules = (
			);
			dependencies = (
				E21D9D7B1F87BF2300F86B10 /* PBXTargetDependency */,
			);
			name = DEMOUITests;
			productName = DEMOUITests;
			productReference = E21D9D791F87BF2300F86B10 /* DEMOUITests.xctest */;
			productType = "com.apple.product-type.bundle.ui-testing";
		};
/* End PBXNativeTarget section */

/* Begin PBXProject section */
		E21D9D4E1F87BF2200F86B10 /* Project object */ = {
			isa = PBXProject;
			attributes = {
				LastUpgradeCheck = 0900;
				ORGANIZATIONNAME = tby;
				TargetAttributes = {
					E21D9D551F87BF2200F86B10 = {
						CreatedOnToolsVersion = 9.0;
						ProvisioningStyle = Automatic;
					};
					E21D9D6D1F87BF2300F86B10 = {
						CreatedOnToolsVersion = 9.0;
						ProvisioningStyle = Automatic;
						TestTargetID = E21D9D551F87BF2200F86B10;
					};
					E21D9D781F87BF2300F86B10 = {
						CreatedOnToolsVersion = 9.0;
						ProvisioningStyle = Automatic;
						TestTargetID = E21D9D551F87BF2200F86B10;
					};
				};
			};
			buildConfigurationList = E21D9D511F87BF2200F86B10 /* Build configuration list for PBXProject "DEMO" */;
			compatibilityVersion = "Xcode 8.0";
			developmentRegion = en;
			hasScannedForEncodings = 0;
			knownRegions = (
				en,
				Base,
			);
			mainGroup = E21D9D4D1F87BF2200F86B10;
			productRefGroup = E21D9D571F87BF2200F86B10 /* Products */;
			projectDirPath = "";
			projectRoot = "";
			targets = (
				E21D9D551F87BF2200F86B10 /* DEMO */,
				E21D9D6D1F87BF2300F86B10 /* DEMOTests */,
				E21D9D781F87BF2300F86B10 /* DEMOUITests */,
			);
		};
/* End PBXProject section */

/* Begin PBXResourcesBuildPhase section */
		E21D9D541F87BF2200F86B10 /* Resources */ = {
			isa = PBXResourcesBuildPhase;
			buildActionMask = 2147483647;
			files = (
				E21D9D661F87BF2200F86B10 /* LaunchScreen.storyboard in Resources */,
				E21D9D631F87BF2200F86B10 /* Assets.xcassets in Resources */,
				E21D9D611F87BF2200F86B10 /* Main.storyboard in Resources */,
			);
			runOnlyForDeploymentPostprocessing = 0;
		};
		E21D9D6C1F87BF2300F86B10 /* Resources */ = {
			isa = PBXResourcesBuildPhase;
			buildActionMask = 2147483647;
			files = (
			);
			runOnlyForDeploymentPostprocessing = 0;
		};
		E21D9D771F87BF2300F86B10 /* Resources */ = {
			isa = PBXResourcesBuildPhase;
			buildActionMask = 2147483647;
			files = (
			);
			runOnlyForDeploymentPostprocessing = 0;
		};
/* End PBXResourcesBuildPhase section */

/* Begin PBXSourcesBuildPhase section */
		E21D9D521F87BF2200F86B10 /* Sources */ = {
			isa = PBXSourcesBuildPhase;
			buildActionMask = 2147483647;
			files = (
				E21D9DC11F87CD7E00F86B10 /* MASCompositeConstraint.m in Sources */,
				E21D9DC21F87CD7E00F86B10 /* MASConstraint.m in Sources */,
				E21D9DC31F87CD7E00F86B10 /* MASConstraintMaker.m in Sources */,
				E21D9DC41F87CD7E00F86B10 /* MASLayoutConstraint.m in Sources */,
				E21D9DC51F87CD7E00F86B10 /* MASViewAttribute.m in Sources */,
				E21D9DC61F87CD7E00F86B10 /* MASViewConstraint.m in Sources */,
				E21D9DC71F87CD7E00F86B10 /* NSArray+MASAdditions.m in Sources */,
				E21D9DC81F87CD7E00F86B10 /* NSLayoutConstraint+MASDebugAdditions.m in Sources */,
				E21D9DC91F87CD7E00F86B10 /* View+MASAdditions.m in Sources */,
				E21D9DCA1F87CD7E00F86B10 /* ViewController+MASAdditions.m in Sources */,
				E21D9DA11F87C8A000F86B10 /* TBYAction.m in Sources */,
				E21D9DA21F87C8A000F86B10 /* TBYActionCell.m in Sources */,
				E21D9DA31F87C8A000F86B10 /* TBYActionHeaderModel.m in Sources */,
				E21D9DA41F87C8A000F86B10 /* TBYActionHeaderView.m in Sources */,
				E21D9DA51F87C8A000F86B10 /* TBYActionSheet.m in Sources */,
				E21D9D5E1F87BF2200F86B10 /* ViewController.m in Sources */,
				E21D9D691F87BF2200F86B10 /* main.m in Sources */,
				E21D9D5B1F87BF2200F86B10 /* AppDelegate.m in Sources */,
			);
			runOnlyForDeploymentPostprocessing = 0;
		};
		E21D9D6A1F87BF2300F86B10 /* Sources */ = {
			isa = PBXSourcesBuildPhase;
			buildActionMask = 2147483647;
			files = (
				E21D9D731F87BF2300F86B10 /* DEMOTests.m in Sources */,
			);
			runOnlyForDeploymentPostprocessing = 0;
		};
		E21D9D751F87BF2300F86B10 /* Sources */ = {
			isa = PBXSourcesBuildPhase;
			buildActionMask = 2147483647;
			files = (
				E21D9D7E1F87BF2300F86B10 /* DEMOUITests.m in Sources */,
			);
			runOnlyForDeploymentPostprocessing = 0;
		};
/* End PBXSourcesBuildPhase section */

/* Begin PBXTargetDependency section */
		E21D9D701F87BF2300F86B10 /* PBXTargetDependency */ = {
			isa = PBXTargetDependency;
			target = E21D9D551F87BF2200F86B10 /* DEMO */;
			targetProxy = E21D9D6F1F87BF2300F86B10 /* PBXContainerItemProxy */;
		};
		E21D9D7B1F87BF2300F86B10 /* PBXTargetDependency */ = {
			isa = PBXTargetDependency;
			target = E21D9D551F87BF2200F86B10 /* DEMO */;
			targetProxy = E21D9D7A1F87BF2300F86B10 /* PBXContainerItemProxy */;
		};
/* End PBXTargetDependency section */

/* Begin PBXVariantGroup section */
		E21D9D5F1F87BF2200F86B10 /* Main.storyboard */ = {
			isa = PBXVariantGroup;
			children = (
				E21D9D601F87BF2200F86B10 /* Base */,
			);
			name = Main.storyboard;
			sourceTree = "<group>";
		};
		E21D9D641F87BF2200F86B10 /* LaunchScreen.storyboard */ = {
			isa = PBXVariantGroup;
			children = (
				E21D9D651F87BF2200F86B10 /* Base */,
			);
			name = LaunchScreen.storyboard;
			sourceTree = "<group>";
		};
/* End PBXVariantGroup section */

/* Begin XCBuildConfiguration section */
		E21D9D801F87BF2300F86B10 /* Debug */ = {
			isa = XCBuildConfiguration;
			buildSettings = {
				ALWAYS_SEARCH_USER_PATHS = NO;
				CLANG_ANALYZER_NONNULL = YES;
				CLANG_ANALYZER_NUMBER_OBJECT_CONVERSION = YES_AGGRESSIVE;
				CLANG_CXX_LANGUAGE_STANDARD = "gnu++14";
				CLANG_CXX_LIBRARY = "libc++";
				CLANG_ENABLE_MODULES = YES;
				CLANG_ENABLE_OBJC_ARC = YES;
				CLANG_WARN_BLOCK_CAPTURE_AUTORELEASING = YES;
				CLANG_WARN_BOOL_CONVERSION = YES;
				CLANG_WARN_COMMA = YES;
				CLANG_WARN_CONSTANT_CONVERSION = YES;
				CLANG_WARN_DIRECT_OBJC_ISA_USAGE = YES_ERROR;
				CLANG_WARN_DOCUMENTATION_COMMENTS = YES;
				CLANG_WARN_EMPTY_BODY = YES;
				CLANG_WARN_ENUM_CONVERSION = YES;
				CLANG_WARN_INFINITE_RECURSION = YES;
				CLANG_WARN_INT_CONVERSION = YES;
				CLANG_WARN_NON_LITERAL_NULL_CONVERSION = YES;
				CLANG_WARN_OBJC_LITERAL_CONVERSION = YES;
				CLANG_WARN_OBJC_ROOT_CLASS = YES_ERROR;
				CLANG_WARN_RANGE_LOOP_ANALYSIS = YES;
				CLANG_WARN_STRICT_PROTOTYPES = YES;
				CLANG_WARN_SUSPICIOUS_MOVE = YES;
				CLANG_WARN_UNGUARDED_AVAILABILITY = YES_AGGRESSIVE;
				CLANG_WARN_UNREACHABLE_CODE = YES;
				CLANG_WARN__DUPLICATE_METHOD_MATCH = YES;
				CODE_SIGN_IDENTITY = "iPhone Developer";
				COPY_PHASE_STRIP = NO;
				DEBUG_INFORMATION_FORMAT = dwarf;
				ENABLE_STRICT_OBJC_MSGSEND = YES;
				ENABLE_TESTABILITY = YES;
				GCC_C_LANGUAGE_STANDARD = gnu11;
				GCC_DYNAMIC_NO_PIC = NO;
				GCC_NO_COMMON_BLOCKS = YES;
				GCC_OPTIMIZATION_LEVEL = 0;
				GCC_PREPROCESSOR_DEFINITIONS = (
					"DEBUG=1",
					"$(inherited)",
				);
				GCC_WARN_64_TO_32_BIT_CONVERSION = YES;
				GCC_WARN_ABOUT_RETURN_TYPE = YES_ERROR;
				GCC_WARN_UNDECLARED_SELECTOR = YES;
				GCC_WARN_UNINITIALIZED_AUTOS = YES_AGGRESSIVE;
				GCC_WARN_UNUSED_FUNCTION = YES;
				GCC_WARN_UNUSED_VARIABLE = YES;
				IPHONEOS_DEPLOYMENT_TARGET = 11.0;
				MTL_ENABLE_DEBUG_INFO = YES;
				ONLY_ACTIVE_ARCH = YES;
				SDKROOT = iphoneos;
			};
			name = Debug;
		};
		E21D9D811F87BF2300F86B10 /* Release */ = {
			isa = XCBuildConfiguration;
			buildSettings = {
				ALWAYS_SEARCH_USER_PATHS = NO;
				CLANG_ANALYZER_NONNULL = YES;
				CLANG_ANALYZER_NUMBER_OBJECT_CONVERSION = YES_AGGRESSIVE;
				CLANG_CXX_LANGUAGE_STANDARD = "gnu++14";
				CLANG_CXX_LIBRARY = "libc++";
				CLANG_ENABLE_MODULES = YES;
				CLANG_ENABLE_OBJC_ARC = YES;
				CLANG_WARN_BLOCK_CAPTURE_AUTORELEASING = YES;
				CLANG_WARN_BOOL_CONVERSION = YES;
				CLANG_WARN_COMMA = YES;
				CLANG_WARN_CONSTANT_CONVERSION = YES;
				CLANG_WARN_DIRECT_OBJC_ISA_USAGE = YES_ERROR;
				CLANG_WARN_DOCUMENTATION_COMMENTS = YES;
				CLANG_WARN_EMPTY_BODY = YES;
				CLANG_WARN_ENUM_CONVERSION = YES;
				CLANG_WARN_INFINITE_RECURSION = YES;
				CLANG_WARN_INT_CONVERSION = YES;
				CLANG_WARN_NON_LITERAL_NULL_CONVERSION = YES;
				CLANG_WARN_OBJC_LITERAL_CONVERSION = YES;
				CLANG_WARN_OBJC_ROOT_CLASS = YES_ERROR;
				CLANG_WARN_RANGE_LOOP_ANALYSIS = YES;
				CLANG_WARN_STRICT_PROTOTYPES = YES;
				CLANG_WARN_SUSPICIOUS_MOVE = YES;
				CLANG_WARN_UNGUARDED_AVAILABILITY = YES_AGGRESSIVE;
				CLANG_WARN_UNREACHABLE_CODE = YES;
				CLANG_WARN__DUPLICATE_METHOD_MATCH = YES;
				CODE_SIGN_IDENTITY = "iPhone Developer";
				COPY_PHASE_STRIP = NO;
				DEBUG_INFORMATION_FORMAT = "dwarf-with-dsym";
				ENABLE_NS_ASSERTIONS = NO;
				ENABLE_STRICT_OBJC_MSGSEND = YES;
				GCC_C_LANGUAGE_STANDARD = gnu11;
				GCC_NO_COMMON_BLOCKS = YES;
				GCC_WARN_64_TO_32_BIT_CONVERSION = YES;
				GCC_WARN_ABOUT_RETURN_TYPE = YES_ERROR;
				GCC_WARN_UNDECLARED_SELECTOR = YES;
				GCC_WARN_UNINITIALIZED_AUTOS = YES_AGGRESSIVE;
				GCC_WARN_UNUSED_FUNCTION = YES;
				GCC_WARN_UNUSED_VARIABLE = YES;
				IPHONEOS_DEPLOYMENT_TARGET = 11.0;
				MTL_ENABLE_DEBUG_INFO = NO;
				SDKROOT = iphoneos;
				VALIDATE_PRODUCT = YES;
			};
			name = Release;
		};
		E21D9D831F87BF2300F86B10 /* Debug */ = {
			isa = XCBuildConfiguration;
			buildSettings = {
				ASSETCATALOG_COMPILER_APPICON_NAME = AppIcon;
				CODE_SIGN_STYLE = Automatic;
				INFOPLIST_FILE = DEMO/Info.plist;
				LD_RUNPATH_SEARCH_PATHS = "$(inherited) @executable_path/Frameworks";
				PRODUCT_BUNDLE_IDENTIFIER = com.tbysky.DEMO;
				PRODUCT_NAME = "$(TARGET_NAME)";
				TARGETED_DEVICE_FAMILY = "1,2";
			};
			name = Debug;
		};
		E21D9D841F87BF2300F86B10 /* Release */ = {
			isa = XCBuildConfiguration;
			buildSettings = {
				ASSETCATALOG_COMPILER_APPICON_NAME = AppIcon;
				CODE_SIGN_STYLE = Automatic;
				INFOPLIST_FILE = DEMO/Info.plist;
				LD_RUNPATH_SEARCH_PATHS = "$(inherited) @executable_path/Frameworks";
				PRODUCT_BUNDLE_IDENTIFIER = com.tbysky.DEMO;
				PRODUCT_NAME = "$(TARGET_NAME)";
				TARGETED_DEVICE_FAMILY = "1,2";
			};
			name = Release;
		};
		E21D9D861F87BF2300F86B10 /* Debug */ = {
			isa = XCBuildConfiguration;
			buildSettings = {
				BUNDLE_LOADER = "$(TEST_HOST)";
				CODE_SIGN_STYLE = Automatic;
				INFOPLIST_FILE = DEMOTests/Info.plist;
				LD_RUNPATH_SEARCH_PATHS = "$(inherited) @executable_path/Frameworks @loader_path/Frameworks";
				PRODUCT_BUNDLE_IDENTIFIER = com.tbysky.DEMOTests;
				PRODUCT_NAME = "$(TARGET_NAME)";
				TARGETED_DEVICE_FAMILY = "1,2";
				TEST_HOST = "$(BUILT_PRODUCTS_DIR)/DEMO.app/DEMO";
			};
			name = Debug;
		};
		E21D9D871F87BF2300F86B10 /* Release */ = {
			isa = XCBuildConfiguration;
			buildSettings = {
				BUNDLE_LOADER = "$(TEST_HOST)";
				CODE_SIGN_STYLE = Automatic;
				INFOPLIST_FILE = DEMOTests/Info.plist;
				LD_RUNPATH_SEARCH_PATHS = "$(inherited) @executable_path/Frameworks @loader_path/Frameworks";
				PRODUCT_BUNDLE_IDENTIFIER = com.tbysky.DEMOTests;
				PRODUCT_NAME = "$(TARGET_NAME)";
				TARGETED_DEVICE_FAMILY = "1,2";
				TEST_HOST = "$(BUILT_PRODUCTS_DIR)/DEMO.app/DEMO";
			};
			name = Release;
		};
		E21D9D891F87BF2300F86B10 /* Debug */ = {
			isa = XCBuildConfiguration;
			buildSettings = {
				CODE_SIGN_STYLE = Automatic;
				INFOPLIST_FILE = DEMOUITests/Info.plist;
				LD_RUNPATH_SEARCH_PATHS = "$(inherited) @executable_path/Frameworks @loader_path/Frameworks";
				PRODUCT_BUNDLE_IDENTIFIER = com.tbysky.DEMOUITests;
				PRODUCT_NAME = "$(TARGET_NAME)";
				TARGETED_DEVICE_FAMILY = "1,2";
				TEST_TARGET_NAME = DEMO;
			};
			name = Debug;
		};
		E21D9D8A1F87BF2300F86B10 /* Release */ = {
			isa = XCBuildConfiguration;
			buildSettings = {
				CODE_SIGN_STYLE = Automatic;
				INFOPLIST_FILE = DEMOUITests/Info.plist;
				LD_RUNPATH_SEARCH_PATHS = "$(inherited) @executable_path/Frameworks @loader_path/Frameworks";
				PRODUCT_BUNDLE_IDENTIFIER = com.tbysky.DEMOUITests;
				PRODUCT_NAME = "$(TARGET_NAME)";
				TARGETED_DEVICE_FAMILY = "1,2";
				TEST_TARGET_NAME = DEMO;
			};
			name = Release;
		};
/* End XCBuildConfiguration section */

/* Begin XCConfigurationList section */
		E21D9D511F87BF2200F86B10 /* Build configuration list for PBXProject "DEMO" */ = {
			isa = XCConfigurationList;
			buildConfigurations = (
				E21D9D801F87BF2300F86B10 /* Debug */,
				E21D9D811F87BF2300F86B10 /* Release */,
			);
			defaultConfigurationIsVisible = 0;
			defaultConfigurationName = Release;
		};
		E21D9D821F87BF2300F86B10 /* Build configuration list for PBXNativeTarget "DEMO" */ = {
			isa = XCConfigurationList;
			buildConfigurations = (
				E21D9D831F87BF2300F86B10 /* Debug */,
				E21D9D841F87BF2300F86B10 /* Release */,
			);
			defaultConfigurationIsVisible = 0;
			defaultConfigurationName = Release;
		};
		E21D9D851F87BF2300F86B10 /* Build configuration list for PBXNativeTarget "DEMOTests" */ = {
			isa = XCConfigurationList;
			buildConfigurations = (
				E21D9D861F87BF2300F86B10 /* Debug */,
				E21D9D871F87BF2300F86B10 /* Release */,
			);
			defaultConfigurationIsVisible = 0;
			defaultConfigurationName = Release;
		};
		E21D9D881F87BF2300F86B10 /* Build configuration list for PBXNativeTarget "DEMOUITests" */ = {
			isa = XCConfigurationList;
			buildConfigurations = (
				E21D9D891F87BF2300F86B10 /* Debug */,
				E21D9D8A1F87BF2300F86B10 /* Release */,
			);
			defaultConfigurationIsVisible = 0;
			defaultConfigurationName = Release;
		};
/* End XCConfigurationList section */
	};
	rootObject = E21D9D4E1F87BF2200F86B10 /* Project object */;
}
